// !$*UTF8*$!
{
	archiveVersion = 1;
	classes = {
	};
	objectVersion = 56;
	objects = {

/* Begin PBXBuildFile section */
		C94FEEB72B02CD160003B7AA /* AppDelegate.swift in Sources */ = {isa = PBXBuildFile; fileRef = C94FEEB62B02CD160003B7AA /* AppDelegate.swift */; };
		C94FEEB92B02CD160003B7AA /* SceneDelegate.swift in Sources */ = {isa = PBXBuildFile; fileRef = C94FEEB82B02CD160003B7AA /* SceneDelegate.swift */; };
		C94FEEBB2B02CD160003B7AA /* ViewController.swift in Sources */ = {isa = PBXBuildFile; fileRef = C94FEEBA2B02CD160003B7AA /* ViewController.swift */; };
		C94FEEBE2B02CD160003B7AA /* Main.storyboard in Resources */ = {isa = PBXBuildFile; fileRef = C94FEEBC2B02CD160003B7AA /* Main.storyboard */; };
		C94FEEC02B02CD180003B7AA /* Assets.xcassets in Resources */ = {isa = PBXBuildFile; fileRef = C94FEEBF2B02CD180003B7AA /* Assets.xcassets */; };
		C94FEEC32B02CD180003B7AA /* LaunchScreen.storyboard in Resources */ = {isa = PBXBuildFile; fileRef = C94FEEC12B02CD180003B7AA /* LaunchScreen.storyboard */; };
		C96752E82B02DB2B005F9F49 /* Alamofire in Frameworks */ = {isa = PBXBuildFile; productRef = C96752E72B02DB2B005F9F49 /* Alamofire */; };
		C96752EA2B02DB4C005F9F49 /* APIFunctions.swift in Sources */ = {isa = PBXBuildFile; fileRef = C96752E92B02DB4C005F9F49 /* APIFunctions.swift */; };
/* End PBXBuildFile section */

/* Begin PBXFileReference section */
		C94FEEB32B02CD160003B7AA /* Note-App.app */ = {isa = PBXFileReference; explicitFileType = wrapper.application; includeInIndex = 0; path = "Note-App.app"; sourceTree = BUILT_PRODUCTS_DIR; };
		C94FEEB62B02CD160003B7AA /* AppDelegate.swift */ = {isa = PBXFileReference; lastKnownFileType = sourcecode.swift; path = AppDelegate.swift; sourceTree = "<group>"; };
		C94FEEB82B02CD160003B7AA /* SceneDelegate.swift */ = {isa = PBXFileReference; lastKnownFileType = sourcecode.swift; path = SceneDelegate.swift; sourceTree = "<group>"; };
		C94FEEBA2B02CD160003B7AA /* ViewController.swift */ = {isa = PBXFileReference; lastKnownFileType = sourcecode.swift; path = ViewController.swift; sourceTree = "<group>"; };
		C94FEEBD2B02CD160003B7AA /* Base */ = {isa = PBXFileReference; lastKnownFileType = file.storyboard; name = Base; path = Base.lproj/Main.storyboard; sourceTree = "<group>"; };
		C94FEEBF2B02CD180003B7AA /* Assets.xcassets */ = {isa = PBXFileReference; lastKnownFileType = folder.assetcatalog; path = Assets.xcassets; sourceTree = "<group>"; };
		C94FEEC22B02CD180003B7AA /* Base */ = {isa = PBXFileReference; lastKnownFileType = file.storyboard; name = Base; path = Base.lproj/LaunchScreen.storyboard; sourceTree = "<group>"; };
		C94FEEC42B02CD180003B7AA /* Info.plist */ = {isa = PBXFileReference; lastKnownFileType = text.plist.xml; path = Info.plist; sourceTree = "<group>"; };
		C96752E92B02DB4C005F9F49 /* APIFunctions.swift */ = {isa = PBXFileReference; lastKnownFileType = sourcecode.swift; path = APIFunctions.swift; sourceTree = "<group>"; };
/* End PBXFileReference section */

/* Begin PBXFrameworksBuildPhase section */
		C94FEEB02B02CD160003B7AA /* Frameworks */ = {
			isa = PBXFrameworksBuildPhase;
			buildActionMask = 2147483647;
			files = (
				C96752E82B02DB2B005F9F49 /* Alamofire in Frameworks */,
			);
			runOnlyForDeploymentPostprocessing = 0;
		};
/* End PBXFrameworksBuildPhase section */

/* Begin PBXGroup section */
		C94FEEAA2B02CD160003B7AA = {
			isa = PBXGroup;
			children = (
				C94FEEB52B02CD160003B7AA /* Note-App */,
				C94FEEB42B02CD160003B7AA /* Products */,
			);
			sourceTree = "<group>";
		};
		C94FEEB42B02CD160003B7AA /* Products */ = {
			isa = PBXGroup;
			children = (
				C94FEEB32B02CD160003B7AA /* Note-App.app */,
			);
			name = Products;
			sourceTree = "<group>";
		};
		C94FEEB52B02CD160003B7AA /* Note-App */ = {
			isa = PBXGroup;
			children = (
				C94FEEB62B02CD160003B7AA /* AppDelegate.swift */,
				C94FEEB82B02CD160003B7AA /* SceneDelegate.swift */,
				C94FEEBA2B02CD160003B7AA /* ViewController.swift */,
				C94FEEBC2B02CD160003B7AA /* Main.storyboard */,
				C94FEEBF2B02CD180003B7AA /* Assets.xcassets */,
				C94FEEC12B02CD180003B7AA /* LaunchScreen.storyboard */,
				C94FEEC42B02CD180003B7AA /* Info.plist */,
				C96752E92B02DB4C005F9F49 /* APIFunctions.swift */,
			);
			path = "Note-App";
			sourceTree = "<group>";
		};
/* End PBXGroup section */

/* Begin PBXNativeTarget section */
		C94FEEB22B02CD160003B7AA /* Note-App */ = {
			isa = PBXNativeTarget;
			buildConfigurationList = C94FEEC72B02CD180003B7AA /* Build configuration list for PBXNativeTarget "Note-App" */;
			buildPhases = (
				C94FEEAF2B02CD160003B7AA /* Sources */,
				C94FEEB02B02CD160003B7AA /* Frameworks */,
				C94FEEB12B02CD160003B7AA /* Resources */,
			);
			buildRules = (
			);
			dependencies = (
			);
			name = "Note-App";
			packageProductDependencies = (
				C96752E72B02DB2B005F9F49 /* Alamofire */,
			);
			productName = "Note-App";
			productReference = C94FEEB32B02CD160003B7AA /* Note-App.app */;
			productType = "com.apple.product-type.application";
		};
/* End PBXNativeTarget section */

/* Begin PBXProject section */
		C94FEEAB2B02CD160003B7AA /* Project object */ = {
			isa = PBXProject;
			attributes = {
				BuildIndependentTargetsInParallel = 1;
				LastSwiftUpdateCheck = 1420;
				LastUpgradeCheck = 1420;
				TargetAttributes = {
					C94FEEB22B02CD160003B7AA = {
						CreatedOnToolsVersion = 14.2;
					};
				};
			};
			buildConfigurationList = C94FEEAE2B02CD160003B7AA /* Build configuration list for PBXProject "Note-App" */;
			compatibilityVersion = "Xcode 14.0";
			developmentRegion = en;
			hasScannedForEncodings = 0;
			knownRegions = (
				en,
				Base,
			);
			mainGroup = C94FEEAA2B02CD160003B7AA;
			packageReferences = (
				C96752E62B02DB2B005F9F49 /* XCRemoteSwiftPackageReference "Alamofire" */,
			);
			productRefGroup = C94FEEB42B02CD160003B7AA /* Products */;
			projectDirPath = "";
			projectRoot = "";
			targets = (
				C94FEEB22B02CD160003B7AA /* Note-App */,
			);
		};
/* End PBXProject section */

/* Begin PBXResourcesBuildPhase section */
		C94FEEB12B02CD160003B7AA /* Resources */ = {
			isa = PBXResourcesBuildPhase;
			buildActionMask = 2147483647;
			files = (
				C94FEEC32B02CD180003B7AA /* LaunchScreen.storyboard in Resources */,
				C94FEEC02B02CD180003B7AA /* Assets.xcassets in Resources */,
				C94FEEBE2B02CD160003B7AA /* Main.storyboard in Resources */,
			);
			runOnlyForDeploymentPostprocessing = 0;
		};
/* End PBXResourcesBuildPhase section */

/* Begin PBXSourcesBuildPhase section */
		C94FEEAF2B02CD160003B7AA /* Sources */ = {
			isa = PBXSourcesBuildPhase;
			buildActionMask = 2147483647;
			files = (
				C96752EA2B02DB4C005F9F49 /* APIFunctions.swift in Sources */,
				C94FEEBB2B02CD160003B7AA /* ViewController.swift in Sources */,
				C94FEEB72B02CD160003B7AA /* AppDelegate.swift in Sources */,
				C94FEEB92B02CD160003B7AA /* SceneDelegate.swift in Sources */,
			);
			runOnlyForDeploymentPostprocessing = 0;
		};
/* End PBXSourcesBuildPhase section */

/* Begin PBXVariantGroup section */
		C94FEEBC2B02CD160003B7AA /* Main.storyboard */ = {
			isa = PBXVariantGroup;
			children = (
				C94FEEBD2B02CD160003B7AA /* Base */,
			);
			name = Main.storyboard;
			sourceTree = "<group>";
		};
		C94FEEC12B02CD180003B7AA /* LaunchScreen.storyboard */ = {
			isa = PBXVariantGroup;
			children = (
				C94FEEC22B02CD180003B7AA /* Base */,
			);
			name = LaunchScreen.storyboard;
			sourceTree = "<group>";
		};
/* End PBXVariantGroup section */

/* Begin XCBuildConfiguration section */
		C94FEEC52B02CD180003B7AA /* Debug */ = {
			isa = XCBuildConfiguration;
			buildSettings = {
				ALWAYS_SEARCH_USER_PATHS = NO;
				CLANG_ANALYZER_NONNULL = YES;
				CLANG_ANALYZER_NUMBER_OBJECT_CONVERSION = YES_AGGRESSIVE;
				CLANG_CXX_LANGUAGE_STANDARD = "gnu++20";
				CLANG_ENABLE_MODULES = YES;
				CLANG_ENABLE_OBJC_ARC = YES;
				CLANG_ENABLE_OBJC_WEAK = YES;
				CLANG_WARN_BLOCK_CAPTURE_AUTORELEASING = YES;
				CLANG_WARN_BOOL_CONVERSION = YES;
				CLANG_WARN_COMMA = YES;
				CLANG_WARN_CONSTANT_CONVERSION = YES;
				CLANG_WARN_DEPRECATED_OBJC_IMPLEMENTATIONS = YES;
				CLANG_WARN_DIRECT_OBJC_ISA_USAGE = YES_ERROR;
				CLANG_WARN_DOCUMENTATION_COMMENTS = YES;
				CLANG_WARN_EMPTY_BODY = YES;
				CLANG_WARN_ENUM_CONVERSION = YES;
				CLANG_WARN_INFINITE_RECURSION = YES;
				CLANG_WARN_INT_CONVERSION = YES;
				CLANG_WARN_NON_LITERAL_NULL_CONVERSION = YES;
				CLANG_WARN_OBJC_IMPLICIT_RETAIN_SELF = YES;
				CLANG_WARN_OBJC_LITERAL_CONVERSION = YES;
				CLANG_WARN_OBJC_ROOT_CLASS = YES_ERROR;
				CLANG_WARN_QUOTED_INCLUDE_IN_FRAMEWORK_HEADER = YES;
				CLANG_WARN_RANGE_LOOP_ANALYSIS = YES;
				CLANG_WARN_STRICT_PROTOTYPES = YES;
				CLANG_WARN_SUSPICIOUS_MOVE = YES;
				CLANG_WARN_UNGUARDED_AVAILABILITY = YES_AGGRESSIVE;
				CLANG_WARN_UNREACHABLE_CODE = YES;
				CLANG_WARN__DUPLICATE_METHOD_MATCH = YES;
				COPY_PHASE_STRIP = NO;
				DEBUG_INFORMATION_FORMAT = dwarf;
				ENABLE_STRICT_OBJC_MSGSEND = YES;
				ENABLE_TESTABILITY = YES;
				GCC_C_LANGUAGE_STANDARD = gnu11;
				GCC_DYNAMIC_NO_PIC = NO;
				GCC_NO_COMMON_BLOCKS = YES;
				GCC_OPTIMIZATION_LEVEL = 0;
				GCC_PREPROCESSOR_DEFINITIONS = (
					"DEBUG=1",
					"$(inherited)",
				);
				GCC_WARN_64_TO_32_BIT_CONVERSION = YES;
				GCC_WARN_ABOUT_RETURN_TYPE = YES_ERROR;
				GCC_WARN_UNDECLARED_SELECTOR = YES;
				GCC_WARN_UNINITIALIZED_AUTOS = YES_AGGRESSIVE;
				GCC_WARN_UNUSED_FUNCTION = YES;
				GCC_WARN_UNUSED_VARIABLE = YES;
				IPHONEOS_DEPLOYMENT_TARGET = 16.2;
				MTL_ENABLE_DEBUG_INFO = INCLUDE_SOURCE;
				MTL_FAST_MATH = YES;
				ONLY_ACTIVE_ARCH = YES;
				SDKROOT = iphoneos;
				SWIFT_ACTIVE_COMPILATION_CONDITIONS = DEBUG;
				SWIFT_OPTIMIZATION_LEVEL = "-Onone";
			};
			name = Debug;
		};
		C94FEEC62B02CD180003B7AA /* Release */ = {
			isa = XCBuildConfiguration;
			buildSettings = {
				ALWAYS_SEARCH_USER_PATHS = NO;
				CLANG_ANALYZER_NONNULL = YES;
				CLANG_ANALYZER_NUMBER_OBJECT_CONVERSION = YES_AGGRESSIVE;
				CLANG_CXX_LANGUAGE_STANDARD = "gnu++20";
				CLANG_ENABLE_MODULES = YES;
				CLANG_ENABLE_OBJC_ARC = YES;
				CLANG_ENABLE_OBJC_WEAK = YES;
				CLANG_WARN_BLOCK_CAPTURE_AUTORELEASING = YES;
				CLANG_WARN_BOOL_CONVERSION = YES;
				CLANG_WARN_COMMA = YES;
				CLANG_WARN_CONSTANT_CONVERSION = YES;
				CLANG_WARN_DEPRECATED_OBJC_IMPLEMENTATIONS = YES;
				CLANG_WARN_DIRECT_OBJC_ISA_USAGE = YES_ERROR;
				CLANG_WARN_DOCUMENTATION_COMMENTS = YES;
				CLANG_WARN_EMPTY_BODY = YES;
				CLANG_WARN_ENUM_CONVERSION = YES;
				CLANG_WARN_INFINITE_RECURSION = YES;
				CLANG_WARN_INT_CONVERSION = YES;
				CLANG_WARN_NON_LITERAL_NULL_CONVERSION = YES;
				CLANG_WARN_OBJC_IMPLICIT_RETAIN_SELF = YES;
				CLANG_WARN_OBJC_LITERAL_CONVERSION = YES;
				CLANG_WARN_OBJC_ROOT_CLASS = YES_ERROR;
				CLANG_WARN_QUOTED_INCLUDE_IN_FRAMEWORK_HEADER = YES;
				CLANG_WARN_RANGE_LOOP_ANALYSIS = YES;
				CLANG_WARN_STRICT_PROTOTYPES = YES;
				CLANG_WARN_SUSPICIOUS_MOVE = YES;
				CLANG_WARN_UNGUARDED_AVAILABILITY = YES_AGGRESSIVE;
				CLANG_WARN_UNREACHABLE_CODE = YES;
				CLANG_WARN__DUPLICATE_METHOD_MATCH = YES;
				COPY_PHASE_STRIP = NO;
				DEBUG_INFORMATION_FORMAT = "dwarf-with-dsym";
				ENABLE_NS_ASSERTIONS = NO;
				ENABLE_STRICT_OBJC_MSGSEND = YES;
				GCC_C_LANGUAGE_STANDARD = gnu11;
				GCC_NO_COMMON_BLOCKS = YES;
				GCC_WARN_64_TO_32_BIT_CONVERSION = YES;
				GCC_WARN_ABOUT_RETURN_TYPE = YES_ERROR;
				GCC_WARN_UNDECLARED_SELECTOR = YES;
				GCC_WARN_UNINITIALIZED_AUTOS = YES_AGGRESSIVE;
				GCC_WARN_UNUSED_FUNCTION = YES;
				GCC_WARN_UNUSED_VARIABLE = YES;
				IPHONEOS_DEPLOYMENT_TARGET = 16.2;
				MTL_ENABLE_DEBUG_INFO = NO;
				MTL_FAST_MATH = YES;
				SDKROOT = iphoneos;
				SWIFT_COMPILATION_MODE = wholemodule;
				SWIFT_OPTIMIZATION_LEVEL = "-O";
				VALIDATE_PRODUCT = YES;
			};
			name = Release;
		};
		C94FEEC82B02CD180003B7AA /* Debug */ = {
			isa = XCBuildConfiguration;
			buildSettings = {
				ASSETCATALOG_COMPILER_APPICON_NAME = AppIcon;
				ASSETCATALOG_COMPILER_GLOBAL_ACCENT_COLOR_NAME = AccentColor;
				CODE_SIGN_STYLE = Automatic;
				CURRENT_PROJECT_VERSION = 1;
				DEVELOPMENT_TEAM = A3M4AFU3DN;
				GENERATE_INFOPLIST_FILE = YES;
				INFOPLIST_FILE = "Note-App/Info.plist";
				INFOPLIST_KEY_UIApplicationSupportsIndirectInputEvents = YES;
				INFOPLIST_KEY_UILaunchStoryboardName = LaunchScreen;
				INFOPLIST_KEY_UIMainStoryboardFile = Main;
				INFOPLIST_KEY_UISupportedInterfaceOrientations_iPad = "UIInterfaceOrientationPortrait UIInterfaceOrientationPortraitUpsideDown UIInterfaceOrientationLandscapeLeft UIInterfaceOrientationLandscapeRight";
				INFOPLIST_KEY_UISupportedInterfaceOrientations_iPhone = "UIInterfaceOrientationPortrait UIInterfaceOrientationLandscapeLeft UIInterfaceOrientationLandscapeRight";
				LD_RUNPATH_SEARCH_PATHS = (
					"$(inherited)",
					"@executable_path/Frameworks",
				);
				MARKETING_VERSION = 1.0;
				PRODUCT_BUNDLE_IDENTIFIER = "G.O.D.Note-App";
				PRODUCT_NAME = "$(TARGET_NAME)";
				SWIFT_EMIT_LOC_STRINGS = YES;
				SWIFT_VERSION = 5.0;
				TARGETED_DEVICE_FAMILY = "1,2";
			};
			name = Debug;
		};
		C94FEEC92B02CD180003B7AA /* Release */ = {
			isa = XCBuildConfiguration;
			buildSettings = {
				ASSETCATALOG_COMPILER_APPICON_NAME = AppIcon;
				ASSETCATALOG_COMPILER_GLOBAL_ACCENT_COLOR_NAME = AccentColor;
				CODE_SIGN_STYLE = Automatic;
				CURRENT_PROJECT_VERSION = 1;
				DEVELOPMENT_TEAM = A3M4AFU3DN;
				GENERATE_INFOPLIST_FILE = YES;
				INFOPLIST_FILE = "Note-App/Info.plist";
				INFOPLIST_KEY_UIApplicationSupportsIndirectInputEvents = YES;
				INFOPLIST_KEY_UILaunchStoryboardName = LaunchScreen;
				INFOPLIST_KEY_UIMainStoryboardFile = Main;
				INFOPLIST_KEY_UISupportedInterfaceOrientations_iPad = "UIInterfaceOrientationPortrait UIInterfaceOrientationPortraitUpsideDown UIInterfaceOrientationLandscapeLeft UIInterfaceOrientationLandscapeRight";
				INFOPLIST_KEY_UISupportedInterfaceOrientations_iPhone = "UIInterfaceOrientationPortrait UIInterfaceOrientationLandscapeLeft UIInterfaceOrientationLandscapeRight";
				LD_RUNPATH_SEARCH_PATHS = (
					"$(inherited)",
					"@executable_path/Frameworks",
				);
				MARKETING_VERSION = 1.0;
				PRODUCT_BUNDLE_IDENTIFIER = "G.O.D.Note-App";
				PRODUCT_NAME = "$(TARGET_NAME)";
				SWIFT_EMIT_LOC_STRINGS = YES;
				SWIFT_VERSION = 5.0;
				TARGETED_DEVICE_FAMILY = "1,2";
			};
			name = Release;
		};
/* End XCBuildConfiguration section */

/* Begin XCConfigurationList section */
		C94FEEAE2B02CD160003B7AA /* Build configuration list for PBXProject "Note-App" */ = {
			isa = XCConfigurationList;
			buildConfigurations = (
				C94FEEC52B02CD180003B7AA /* Debug */,
				C94FEEC62B02CD180003B7AA /* Release */,
			);
			defaultConfigurationIsVisible = 0;
			defaultConfigurationName = Release;
		};
		C94FEEC72B02CD180003B7AA /* Build configuration list for PBXNativeTarget "Note-App" */ = {
			isa = XCConfigurationList;
			buildConfigurations = (
				C94FEEC82B02CD180003B7AA /* Debug */,
				C94FEEC92B02CD180003B7AA /* Release */,
			);
			defaultConfigurationIsVisible = 0;
			defaultConfigurationName = Release;
		};
/* End XCConfigurationList section */

/* Begin XCRemoteSwiftPackageReference section */
		C96752E62B02DB2B005F9F49 /* XCRemoteSwiftPackageReference "Alamofire" */ = {
			isa = XCRemoteSwiftPackageReference;
			repositoryURL = "https://github.com/Alamofire/Alamofire.git";
			requirement = {
				branch = master;
				kind = branch;
			};
		};
/* End XCRemoteSwiftPackageReference section */

/* Begin XCSwiftPackageProductDependency section */
		C96752E72B02DB2B005F9F49 /* Alamofire */ = {
			isa = XCSwiftPackageProductDependency;
			package = C96752E62B02DB2B005F9F49 /* XCRemoteSwiftPackageReference "Alamofire" */;
			productName = Alamofire;
		};
/* End XCSwiftPackageProductDependency section */
	};
	rootObject = C94FEEAB2B02CD160003B7AA /* Project object */;
}
